// !$*UTF8*$!
{
	archiveVersion = 1;
	classes = {
	};
	objectVersion = 56;
	objects = {

/* Begin PBXBuildFile section */
		6BEF10492A98DC3F001FE0EF /* AppDelegate.swift in Sources */ = {isa = PBXBuildFile; fileRef = 6BEF10482A98DC3F001FE0EF /* AppDelegate.swift */; };
		6BEF104B2A98DC3F001FE0EF /* SceneDelegate.swift in Sources */ = {isa = PBXBuildFile; fileRef = 6BEF104A2A98DC3F001FE0EF /* SceneDelegate.swift */; };
		6BEF104D2A98DC3F001FE0EF /* ViewController.swift in Sources */ = {isa = PBXBuildFile; fileRef = 6BEF104C2A98DC3F001FE0EF /* ViewController.swift */; };
		6BEF10502A98DC3F001FE0EF /* Main.storyboard in Resources */ = {isa = PBXBuildFile; fileRef = 6BEF104E2A98DC3F001FE0EF /* Main.storyboard */; };
		6BEF10522A98DC40001FE0EF /* Assets.xcassets in Resources */ = {isa = PBXBuildFile; fileRef = 6BEF10512A98DC40001FE0EF /* Assets.xcassets */; };
		6BEF10552A98DC40001FE0EF /* LaunchScreen.storyboard in Resources */ = {isa = PBXBuildFile; fileRef = 6BEF10532A98DC40001FE0EF /* LaunchScreen.storyboard */; };
		6BEF10602A98DC40001FE0EF /* testTests.swift in Sources */ = {isa = PBXBuildFile; fileRef = 6BEF105F2A98DC40001FE0EF /* testTests.swift */; };
		6BEF106A2A98DC40001FE0EF /* testUITests.swift in Sources */ = {isa = PBXBuildFile; fileRef = 6BEF10692A98DC40001FE0EF /* testUITests.swift */; };
		6BEF106C2A98DC40001FE0EF /* testUITestsLaunchTests.swift in Sources */ = {isa = PBXBuildFile; fileRef = 6BEF106B2A98DC40001FE0EF /* testUITestsLaunchTests.swift */; };
/* End PBXBuildFile section */

/* Begin PBXContainerItemProxy section */
		6BEF105C2A98DC40001FE0EF /* PBXContainerItemProxy */ = {
			isa = PBXContainerItemProxy;
			containerPortal = 6BEF103D2A98DC3F001FE0EF /* Project object */;
			proxyType = 1;
			remoteGlobalIDString = 6BEF10442A98DC3F001FE0EF;
			remoteInfo = test;
		};
		6BEF10662A98DC40001FE0EF /* PBXContainerItemProxy */ = {
			isa = PBXContainerItemProxy;
			containerPortal = 6BEF103D2A98DC3F001FE0EF /* Project object */;
			proxyType = 1;
			remoteGlobalIDString = 6BEF10442A98DC3F001FE0EF;
			remoteInfo = test;
		};
/* End PBXContainerItemProxy section */

/* Begin PBXFileReference section */
		6BEF10452A98DC3F001FE0EF /* test.app */ = {isa = PBXFileReference; explicitFileType = wrapper.application; includeInIndex = 0; path = test.app; sourceTree = BUILT_PRODUCTS_DIR; };
		6BEF10482A98DC3F001FE0EF /* AppDelegate.swift */ = {isa = PBXFileReference; lastKnownFileType = sourcecode.swift; path = AppDelegate.swift; sourceTree = "<group>"; };
		6BEF104A2A98DC3F001FE0EF /* SceneDelegate.swift */ = {isa = PBXFileReference; lastKnownFileType = sourcecode.swift; path = SceneDelegate.swift; sourceTree = "<group>"; };
		6BEF104C2A98DC3F001FE0EF /* ViewController.swift */ = {isa = PBXFileReference; lastKnownFileType = sourcecode.swift; path = ViewController.swift; sourceTree = "<group>"; };
		6BEF104F2A98DC3F001FE0EF /* Base */ = {isa = PBXFileReference; lastKnownFileType = file.storyboard; name = Base; path = Base.lproj/Main.storyboard; sourceTree = "<group>"; };
		6BEF10512A98DC40001FE0EF /* Assets.xcassets */ = {isa = PBXFileReference; lastKnownFileType = folder.assetcatalog; path = Assets.xcassets; sourceTree = "<group>"; };
		6BEF10542A98DC40001FE0EF /* Base */ = {isa = PBXFileReference; lastKnownFileType = file.storyboard; name = Base; path = Base.lproj/LaunchScreen.storyboard; sourceTree = "<group>"; };
		6BEF10562A98DC40001FE0EF /* Info.plist */ = {isa = PBXFileReference; lastKnownFileType = text.plist.xml; path = Info.plist; sourceTree = "<group>"; };
		6BEF105B2A98DC40001FE0EF /* testTests.xctest */ = {isa = PBXFileReference; explicitFileType = wrapper.cfbundle; includeInIndex = 0; path = testTests.xctest; sourceTree = BUILT_PRODUCTS_DIR; };
		6BEF105F2A98DC40001FE0EF /* testTests.swift */ = {isa = PBXFileReference; lastKnownFileType = sourcecode.swift; path = testTests.swift; sourceTree = "<group>"; };
		6BEF10652A98DC40001FE0EF /* testUITests.xctest */ = {isa = PBXFileReference; explicitFileType = wrapper.cfbundle; includeInIndex = 0; path = testUITests.xctest; sourceTree = BUILT_PRODUCTS_DIR; };
		6BEF10692A98DC40001FE0EF /* testUITests.swift */ = {isa = PBXFileReference; lastKnownFileType = sourcecode.swift; path = testUITests.swift; sourceTree = "<group>"; };
		6BEF106B2A98DC40001FE0EF /* testUITestsLaunchTests.swift */ = {isa = PBXFileReference; lastKnownFileType = sourcecode.swift; path = testUITestsLaunchTests.swift; sourceTree = "<group>"; };
/* End PBXFileReference section */

/* Begin PBXFrameworksBuildPhase section */
		6BEF10422A98DC3F001FE0EF /* Frameworks */ = {
			isa = PBXFrameworksBuildPhase;
			buildActionMask = 2147483647;
			files = (
			);
			runOnlyForDeploymentPostprocessing = 0;
		};
		6BEF10582A98DC40001FE0EF /* Frameworks */ = {
			isa = PBXFrameworksBuildPhase;
			buildActionMask = 2147483647;
			files = (
			);
			runOnlyForDeploymentPostprocessing = 0;
		};
		6BEF10622A98DC40001FE0EF /* Frameworks */ = {
			isa = PBXFrameworksBuildPhase;
			buildActionMask = 2147483647;
			files = (
			);
			runOnlyForDeploymentPostprocessing = 0;
		};
/* End PBXFrameworksBuildPhase section */

/* Begin PBXGroup section */
		6BEF103C2A98DC3F001FE0EF = {
			isa = PBXGroup;
			children = (
				6BEF10472A98DC3F001FE0EF /* test */,
				6BEF105E2A98DC40001FE0EF /* testTests */,
				6BEF10682A98DC40001FE0EF /* testUITests */,
				6BEF10462A98DC3F001FE0EF /* Products */,
			);
			sourceTree = "<group>";
		};
		6BEF10462A98DC3F001FE0EF /* Products */ = {
			isa = PBXGroup;
			children = (
				6BEF10452A98DC3F001FE0EF /* test.app */,
				6BEF105B2A98DC40001FE0EF /* testTests.xctest */,
				6BEF10652A98DC40001FE0EF /* testUITests.xctest */,
			);
			name = Products;
			sourceTree = "<group>";
		};
		6BEF10472A98DC3F001FE0EF /* test */ = {
			isa = PBXGroup;
			children = (
				6BEF10482A98DC3F001FE0EF /* AppDelegate.swift */,
				6BEF104A2A98DC3F001FE0EF /* SceneDelegate.swift */,
				6BEF104C2A98DC3F001FE0EF /* ViewController.swift */,
				6BEF104E2A98DC3F001FE0EF /* Main.storyboard */,
				6BEF10512A98DC40001FE0EF /* Assets.xcassets */,
				6BEF10532A98DC40001FE0EF /* LaunchScreen.storyboard */,
				6BEF10562A98DC40001FE0EF /* Info.plist */,
			);
			path = test;
			sourceTree = "<group>";
		};
		6BEF105E2A98DC40001FE0EF /* testTests */ = {
			isa = PBXGroup;
			children = (
				6BEF105F2A98DC40001FE0EF /* testTests.swift */,
			);
			path = testTests;
			sourceTree = "<group>";
		};
		6BEF10682A98DC40001FE0EF /* testUITests */ = {
			isa = PBXGroup;
			children = (
				6BEF10692A98DC40001FE0EF /* testUITests.swift */,
				6BEF106B2A98DC40001FE0EF /* testUITestsLaunchTests.swift */,
			);
			path = testUITests;
			sourceTree = "<group>";
		};
/* End PBXGroup section */

/* Begin PBXNativeTarget section */
		6BEF10442A98DC3F001FE0EF /* test */ = {
			isa = PBXNativeTarget;
			buildConfigurationList = 6BEF106F2A98DC40001FE0EF /* Build configuration list for PBXNativeTarget "test" */;
			buildPhases = (
				6BEF10412A98DC3F001FE0EF /* Sources */,
				6BEF10422A98DC3F001FE0EF /* Frameworks */,
				6BEF10432A98DC3F001FE0EF /* Resources */,
			);
			buildRules = (
			);
			dependencies = (
			);
			name = test;
			productName = test;
			productReference = 6BEF10452A98DC3F001FE0EF /* test.app */;
			productType = "com.apple.product-type.application";
		};
		6BEF105A2A98DC40001FE0EF /* testTests */ = {
			isa = PBXNativeTarget;
			buildConfigurationList = 6BEF10722A98DC40001FE0EF /* Build configuration list for PBXNativeTarget "testTests" */;
			buildPhases = (
				6BEF10572A98DC40001FE0EF /* Sources */,
				6BEF10582A98DC40001FE0EF /* Frameworks */,
				6BEF10592A98DC40001FE0EF /* Resources */,
			);
			buildRules = (
			);
			dependencies = (
				6BEF105D2A98DC40001FE0EF /* PBXTargetDependency */,
			);
			name = testTests;
			productName = testTests;
			productReference = 6BEF105B2A98DC40001FE0EF /* testTests.xctest */;
			productType = "com.apple.product-type.bundle.unit-test";
		};
		6BEF10642A98DC40001FE0EF /* testUITests */ = {
			isa = PBXNativeTarget;
			buildConfigurationList = 6BEF10752A98DC40001FE0EF /* Build configuration list for PBXNativeTarget "testUITests" */;
			buildPhases = (
				6BEF10612A98DC40001FE0EF /* Sources */,
				6BEF10622A98DC40001FE0EF /* Frameworks */,
				6BEF10632A98DC40001FE0EF /* Resources */,
			);
			buildRules = (
			);
			dependencies = (
				6BEF10672A98DC40001FE0EF /* PBXTargetDependency */,
			);
			name = testUITests;
			productName = testUITests;
			productReference = 6BEF10652A98DC40001FE0EF /* testUITests.xctest */;
			productType = "com.apple.product-type.bundle.ui-testing";
		};
/* End PBXNativeTarget section */

/* Begin PBXProject section */
		6BEF103D2A98DC3F001FE0EF /* Project object */ = {
			isa = PBXProject;
			attributes = {
				BuildIndependentTargetsInParallel = 1;
				LastSwiftUpdateCheck = 1430;
				LastUpgradeCheck = 1430;
				TargetAttributes = {
					6BEF10442A98DC3F001FE0EF = {
						CreatedOnToolsVersion = 14.3.1;
					};
					6BEF105A2A98DC40001FE0EF = {
						CreatedOnToolsVersion = 14.3.1;
						TestTargetID = 6BEF10442A98DC3F001FE0EF;
					};
					6BEF10642A98DC40001FE0EF = {
						CreatedOnToolsVersion = 14.3.1;
						TestTargetID = 6BEF10442A98DC3F001FE0EF;
					};
				};
			};
			buildConfigurationList = 6BEF10402A98DC3F001FE0EF /* Build configuration list for PBXProject "test" */;
			compatibilityVersion = "Xcode 14.0";
			developmentRegion = en;
			hasScannedForEncodings = 0;
			knownRegions = (
				en,
				Base,
			);
			mainGroup = 6BEF103C2A98DC3F001FE0EF;
			productRefGroup = 6BEF10462A98DC3F001FE0EF /* Products */;
			projectDirPath = "";
			projectRoot = "";
			targets = (
				6BEF10442A98DC3F001FE0EF /* test */,
				6BEF105A2A98DC40001FE0EF /* testTests */,
				6BEF10642A98DC40001FE0EF /* testUITests */,
			);
		};
/* End PBXProject section */

/* Begin PBXResourcesBuildPhase section */
		6BEF10432A98DC3F001FE0EF /* Resources */ = {
			isa = PBXResourcesBuildPhase;
			buildActionMask = 2147483647;
			files = (
				6BEF10552A98DC40001FE0EF /* LaunchScreen.storyboard in Resources */,
				6BEF10522A98DC40001FE0EF /* Assets.xcassets in Resources */,
				6BEF10502A98DC3F001FE0EF /* Main.storyboard in Resources */,
			);
			runOnlyForDeploymentPostprocessing = 0;
		};
		6BEF10592A98DC40001FE0EF /* Resources */ = {
			isa = PBXResourcesBuildPhase;
			buildActionMask = 2147483647;
			files = (
			);
			runOnlyForDeploymentPostprocessing = 0;
		};
		6BEF10632A98DC40001FE0EF /* Resources */ = {
			isa = PBXResourcesBuildPhase;
			buildActionMask = 2147483647;
			files = (
			);
			runOnlyForDeploymentPostprocessing = 0;
		};
/* End PBXResourcesBuildPhase section */

/* Begin PBXSourcesBuildPhase section */
		6BEF10412A98DC3F001FE0EF /* Sources */ = {
			isa = PBXSourcesBuildPhase;
			buildActionMask = 2147483647;
			files = (
				6BEF104D2A98DC3F001FE0EF /* ViewController.swift in Sources */,
				6BEF10492A98DC3F001FE0EF /* AppDelegate.swift in Sources */,
				6BEF104B2A98DC3F001FE0EF /* SceneDelegate.swift in Sources */,
			);
			runOnlyForDeploymentPostprocessing = 0;
		};
		6BEF10572A98DC40001FE0EF /* Sources */ = {
			isa = PBXSourcesBuildPhase;
			buildActionMask = 2147483647;
			files = (
				6BEF10602A98DC40001FE0EF /* testTests.swift in Sources */,
			);
			runOnlyForDeploymentPostprocessing = 0;
		};
		6BEF10612A98DC40001FE0EF /* Sources */ = {
			isa = PBXSourcesBuildPhase;
			buildActionMask = 2147483647;
			files = (
				6BEF106C2A98DC40001FE0EF /* testUITestsLaunchTests.swift in Sources */,
				6BEF106A2A98DC40001FE0EF /* testUITests.swift in Sources */,
			);
			runOnlyForDeploymentPostprocessing = 0;
		};
/* End PBXSourcesBuildPhase section */

/* Begin PBXTargetDependency section */
		6BEF105D2A98DC40001FE0EF /* PBXTargetDependency */ = {
			isa = PBXTargetDependency;
			target = 6BEF10442A98DC3F001FE0EF /* test */;
			targetProxy = 6BEF105C2A98DC40001FE0EF /* PBXContainerItemProxy */;
		};
		6BEF10672A98DC40001FE0EF /* PBXTargetDependency */ = {
			isa = PBXTargetDependency;
			target = 6BEF10442A98DC3F001FE0EF /* test */;
			targetProxy = 6BEF10662A98DC40001FE0EF /* PBXContainerItemProxy */;
		};
/* End PBXTargetDependency section */

/* Begin PBXVariantGroup section */
		6BEF104E2A98DC3F001FE0EF /* Main.storyboard */ = {
			isa = PBXVariantGroup;
			children = (
				6BEF104F2A98DC3F001FE0EF /* Base */,
			);
			name = Main.storyboard;
			sourceTree = "<group>";
		};
		6BEF10532A98DC40001FE0EF /* LaunchScreen.storyboard */ = {
			isa = PBXVariantGroup;
			children = (
				6BEF10542A98DC40001FE0EF /* Base */,
			);
			name = LaunchScreen.storyboard;
			sourceTree = "<group>";
		};
/* End PBXVariantGroup section */

/* Begin XCBuildConfiguration section */
		6BEF106D2A98DC40001FE0EF /* Debug */ = {
			isa = XCBuildConfiguration;
			buildSettings = {
				ALWAYS_SEARCH_USER_PATHS = NO;
				CLANG_ANALYZER_NONNULL = YES;
				CLANG_ANALYZER_NUMBER_OBJECT_CONVERSION = YES_AGGRESSIVE;
				CLANG_CXX_LANGUAGE_STANDARD = "gnu++20";
				CLANG_ENABLE_MODULES = YES;
				CLANG_ENABLE_OBJC_ARC = YES;
				CLANG_ENABLE_OBJC_WEAK = YES;
				CLANG_WARN_BLOCK_CAPTURE_AUTORELEASING = YES;
				CLANG_WARN_BOOL_CONVERSION = YES;
				CLANG_WARN_COMMA = YES;
				CLANG_WARN_CONSTANT_CONVERSION = YES;
				CLANG_WARN_DEPRECATED_OBJC_IMPLEMENTATIONS = YES;
				CLANG_WARN_DIRECT_OBJC_ISA_USAGE = YES_ERROR;
				CLANG_WARN_DOCUMENTATION_COMMENTS = YES;
				CLANG_WARN_EMPTY_BODY = YES;
				CLANG_WARN_ENUM_CONVERSION = YES;
				CLANG_WARN_INFINITE_RECURSION = YES;
				CLANG_WARN_INT_CONVERSION = YES;
				CLANG_WARN_NON_LITERAL_NULL_CONVERSION = YES;
				CLANG_WARN_OBJC_IMPLICIT_RETAIN_SELF = YES;
				CLANG_WARN_OBJC_LITERAL_CONVERSION = YES;
				CLANG_WARN_OBJC_ROOT_CLASS = YES_ERROR;
				CLANG_WARN_QUOTED_INCLUDE_IN_FRAMEWORK_HEADER = YES;
				CLANG_WARN_RANGE_LOOP_ANALYSIS = YES;
				CLANG_WARN_STRICT_PROTOTYPES = YES;
				CLANG_WARN_SUSPICIOUS_MOVE = YES;
				CLANG_WARN_UNGUARDED_AVAILABILITY = YES_AGGRESSIVE;
				CLANG_WARN_UNREACHABLE_CODE = YES;
				CLANG_WARN__DUPLICATE_METHOD_MATCH = YES;
				COPY_PHASE_STRIP = NO;
				DEBUG_INFORMATION_FORMAT = dwarf;
				ENABLE_STRICT_OBJC_MSGSEND = YES;
				ENABLE_TESTABILITY = YES;
				GCC_C_LANGUAGE_STANDARD = gnu11;
				GCC_DYNAMIC_NO_PIC = NO;
				GCC_NO_COMMON_BLOCKS = YES;
				GCC_OPTIMIZATION_LEVEL = 0;
				GCC_PREPROCESSOR_DEFINITIONS = (
					"DEBUG=1",
					"$(inherited)",
				);
				GCC_WARN_64_TO_32_BIT_CONVERSION = YES;
				GCC_WARN_ABOUT_RETURN_TYPE = YES_ERROR;
				GCC_WARN_UNDECLARED_SELECTOR = YES;
				GCC_WARN_UNINITIALIZED_AUTOS = YES_AGGRESSIVE;
				GCC_WARN_UNUSED_FUNCTION = YES;
				GCC_WARN_UNUSED_VARIABLE = YES;
				IPHONEOS_DEPLOYMENT_TARGET = 16.4;
				MTL_ENABLE_DEBUG_INFO = INCLUDE_SOURCE;
				MTL_FAST_MATH = YES;
				ONLY_ACTIVE_ARCH = YES;
				SDKROOT = iphoneos;
				SWIFT_ACTIVE_COMPILATION_CONDITIONS = DEBUG;
				SWIFT_OPTIMIZATION_LEVEL = "-Onone";
			};
			name = Debug;
		};
		6BEF106E2A98DC40001FE0EF /* Release */ = {
			isa = XCBuildConfiguration;
			buildSettings = {
				ALWAYS_SEARCH_USER_PATHS = NO;
				CLANG_ANALYZER_NONNULL = YES;
				CLANG_ANALYZER_NUMBER_OBJECT_CONVERSION = YES_AGGRESSIVE;
				CLANG_CXX_LANGUAGE_STANDARD = "gnu++20";
				CLANG_ENABLE_MODULES = YES;
				CLANG_ENABLE_OBJC_ARC = YES;
				CLANG_ENABLE_OBJC_WEAK = YES;
				CLANG_WARN_BLOCK_CAPTURE_AUTORELEASING = YES;
				CLANG_WARN_BOOL_CONVERSION = YES;
				CLANG_WARN_COMMA = YES;
				CLANG_WARN_CONSTANT_CONVERSION = YES;
				CLANG_WARN_DEPRECATED_OBJC_IMPLEMENTATIONS = YES;
				CLANG_WARN_DIRECT_OBJC_ISA_USAGE = YES_ERROR;
				CLANG_WARN_DOCUMENTATION_COMMENTS = YES;
				CLANG_WARN_EMPTY_BODY = YES;
				CLANG_WARN_ENUM_CONVERSION = YES;
				CLANG_WARN_INFINITE_RECURSION = YES;
				CLANG_WARN_INT_CONVERSION = YES;
				CLANG_WARN_NON_LITERAL_NULL_CONVERSION = YES;
				CLANG_WARN_OBJC_IMPLICIT_RETAIN_SELF = YES;
				CLANG_WARN_OBJC_LITERAL_CONVERSION = YES;
				CLANG_WARN_OBJC_ROOT_CLASS = YES_ERROR;
				CLANG_WARN_QUOTED_INCLUDE_IN_FRAMEWORK_HEADER = YES;
				CLANG_WARN_RANGE_LOOP_ANALYSIS = YES;
				CLANG_WARN_STRICT_PROTOTYPES = YES;
				CLANG_WARN_SUSPICIOUS_MOVE = YES;
				CLANG_WARN_UNGUARDED_AVAILABILITY = YES_AGGRESSIVE;
				CLANG_WARN_UNREACHABLE_CODE = YES;
				CLANG_WARN__DUPLICATE_METHOD_MATCH = YES;
				COPY_PHASE_STRIP = NO;
				DEBUG_INFORMATION_FORMAT = "dwarf-with-dsym";
				ENABLE_NS_ASSERTIONS = NO;
				ENABLE_STRICT_OBJC_MSGSEND = YES;
				GCC_C_LANGUAGE_STANDARD = gnu11;
				GCC_NO_COMMON_BLOCKS = YES;
				GCC_WARN_64_TO_32_BIT_CONVERSION = YES;
				GCC_WARN_ABOUT_RETURN_TYPE = YES_ERROR;
				GCC_WARN_UNDECLARED_SELECTOR = YES;
				GCC_WARN_UNINITIALIZED_AUTOS = YES_AGGRESSIVE;
				GCC_WARN_UNUSED_FUNCTION = YES;
				GCC_WARN_UNUSED_VARIABLE = YES;
				IPHONEOS_DEPLOYMENT_TARGET = 16.4;
				MTL_ENABLE_DEBUG_INFO = NO;
				MTL_FAST_MATH = YES;
				SDKROOT = iphoneos;
				SWIFT_COMPILATION_MODE = wholemodule;
				SWIFT_OPTIMIZATION_LEVEL = "-O";
				VALIDATE_PRODUCT = YES;
			};
			name = Release;
		};
		6BEF10702A98DC40001FE0EF /* Debug */ = {
			isa = XCBuildConfiguration;
			buildSettings = {
				ASSETCATALOG_COMPILER_APPICON_NAME = AppIcon;
				ASSETCATALOG_COMPILER_GLOBAL_ACCENT_COLOR_NAME = AccentColor;
				CODE_SIGN_STYLE = Automatic;
				CURRENT_PROJECT_VERSION = 1;
				GENERATE_INFOPLIST_FILE = YES;
				INFOPLIST_FILE = test/Info.plist;
				INFOPLIST_KEY_UIApplicationSupportsIndirectInputEvents = YES;
				INFOPLIST_KEY_UILaunchStoryboardName = LaunchScreen;
				INFOPLIST_KEY_UIMainStoryboardFile = Main;
				INFOPLIST_KEY_UISupportedInterfaceOrientations_iPad = "UIInterfaceOrientationPortrait UIInterfaceOrientationPortraitUpsideDown UIInterfaceOrientationLandscapeLeft UIInterfaceOrientationLandscapeRight";
				INFOPLIST_KEY_UISupportedInterfaceOrientations_iPhone = "UIInterfaceOrientationPortrait UIInterfaceOrientationLandscapeLeft UIInterfaceOrientationLandscapeRight";
				LD_RUNPATH_SEARCH_PATHS = (
					"$(inherited)",
					"@executable_path/Frameworks",
				);
				MARKETING_VERSION = 1.0;
				PRODUCT_BUNDLE_IDENTIFIER = Codepath.test;
				PRODUCT_NAME = "$(TARGET_NAME)";
				SWIFT_EMIT_LOC_STRINGS = YES;
				SWIFT_VERSION = 5.0;
				TARGETED_DEVICE_FAMILY = "1,2";
			};
			name = Debug;
		};
		6BEF10712A98DC40001FE0EF /* Release */ = {
			isa = XCBuildConfiguration;
			buildSettings = {
				ASSETCATALOG_COMPILER_APPICON_NAME = AppIcon;
				ASSETCATALOG_COMPILER_GLOBAL_ACCENT_COLOR_NAME = AccentColor;
				CODE_SIGN_STYLE = Automatic;
				CURRENT_PROJECT_VERSION = 1;
				GENERATE_INFOPLIST_FILE = YES;
				INFOPLIST_FILE = test/Info.plist;
				INFOPLIST_KEY_UIApplicationSupportsIndirectInputEvents = YES;
				INFOPLIST_KEY_UILaunchStoryboardName = LaunchScreen;
				INFOPLIST_KEY_UIMainStoryboardFile = Main;
				INFOPLIST_KEY_UISupportedInterfaceOrientations_iPad = "UIInterfaceOrientationPortrait UIInterfaceOrientationPortraitUpsideDown UIInterfaceOrientationLandscapeLeft UIInterfaceOrientationLandscapeRight";
				INFOPLIST_KEY_UISupportedInterfaceOrientations_iPhone = "UIInterfaceOrientationPortrait UIInterfaceOrientationLandscapeLeft UIInterfaceOrientationLandscapeRight";
				LD_RUNPATH_SEARCH_PATHS = (
					"$(inherited)",
					"@executable_path/Frameworks",
				);
				MARKETING_VERSION = 1.0;
				PRODUCT_BUNDLE_IDENTIFIER = Codepath.test;
				PRODUCT_NAME = "$(TARGET_NAME)";
				SWIFT_EMIT_LOC_STRINGS = YES;
				SWIFT_VERSION = 5.0;
				TARGETED_DEVICE_FAMILY = "1,2";
			};
			name = Release;
		};
		6BEF10732A98DC40001FE0EF /* Debug */ = {
			isa = XCBuildConfiguration;
			buildSettings = {
				ALWAYS_EMBED_SWIFT_STANDARD_LIBRARIES = YES;
				BUNDLE_LOADER = "$(TEST_HOST)";
				CODE_SIGN_STYLE = Automatic;
				CURRENT_PROJECT_VERSION = 1;
				GENERATE_INFOPLIST_FILE = YES;
				IPHONEOS_DEPLOYMENT_TARGET = 16.4;
				MARKETING_VERSION = 1.0;
				PRODUCT_BUNDLE_IDENTIFIER = Codepath.testTests;
				PRODUCT_NAME = "$(TARGET_NAME)";
				SWIFT_EMIT_LOC_STRINGS = NO;
				SWIFT_VERSION = 5.0;
				TARGETED_DEVICE_FAMILY = "1,2";
				TEST_HOST = "$(BUILT_PRODUCTS_DIR)/test.app/$(BUNDLE_EXECUTABLE_FOLDER_PATH)/test";
			};
			name = Debug;
		};
		6BEF10742A98DC40001FE0EF /* Release */ = {
			isa = XCBuildConfiguration;
			buildSettings = {
				ALWAYS_EMBED_SWIFT_STANDARD_LIBRARIES = YES;
				BUNDLE_LOADER = "$(TEST_HOST)";
				CODE_SIGN_STYLE = Automatic;
				CURRENT_PROJECT_VERSION = 1;
				GENERATE_INFOPLIST_FILE = YES;
				IPHONEOS_DEPLOYMENT_TARGET = 16.4;
				MARKETING_VERSION = 1.0;
				PRODUCT_BUNDLE_IDENTIFIER = Codepath.testTests;
				PRODUCT_NAME = "$(TARGET_NAME)";
				SWIFT_EMIT_LOC_STRINGS = NO;
				SWIFT_VERSION = 5.0;
				TARGETED_DEVICE_FAMILY = "1,2";
				TEST_HOST = "$(BUILT_PRODUCTS_DIR)/test.app/$(BUNDLE_EXECUTABLE_FOLDER_PATH)/test";
			};
			name = Release;
		};
		6BEF10762A98DC40001FE0EF /* Debug */ = {
			isa = XCBuildConfiguration;
			buildSettings = {
				ALWAYS_EMBED_SWIFT_STANDARD_LIBRARIES = YES;
				CODE_SIGN_STYLE = Automatic;
				CURRENT_PROJECT_VERSION = 1;
				GENERATE_INFOPLIST_FILE = YES;
				MARKETING_VERSION = 1.0;
				PRODUCT_BUNDLE_IDENTIFIER = Codepath.testUITests;
				PRODUCT_NAME = "$(TARGET_NAME)";
				SWIFT_EMIT_LOC_STRINGS = NO;
				SWIFT_VERSION = 5.0;
				TARGETED_DEVICE_FAMILY = "1,2";
				TEST_TARGET_NAME = test;
			};
			name = Debug;
		};
		6BEF10772A98DC40001FE0EF /* Release */ = {
			isa = XCBuildConfiguration;
			buildSettings = {
				ALWAYS_EMBED_SWIFT_STANDARD_LIBRARIES = YES;
				CODE_SIGN_STYLE = Automatic;
				CURRENT_PROJECT_VERSION = 1;
				GENERATE_INFOPLIST_FILE = YES;
				MARKETING_VERSION = 1.0;
				PRODUCT_BUNDLE_IDENTIFIER = Codepath.testUITests;
				PRODUCT_NAME = "$(TARGET_NAME)";
				SWIFT_EMIT_LOC_STRINGS = NO;
				SWIFT_VERSION = 5.0;
				TARGETED_DEVICE_FAMILY = "1,2";
				TEST_TARGET_NAME = test;
			};
			name = Release;
		};
/* End XCBuildConfiguration section */

/* Begin XCConfigurationList section */
		6BEF10402A98DC3F001FE0EF /* Build configuration list for PBXProject "test" */ = {
			isa = XCConfigurationList;
			buildConfigurations = (
				6BEF106D2A98DC40001FE0EF /* Debug */,
				6BEF106E2A98DC40001FE0EF /* Release */,
			);
			defaultConfigurationIsVisible = 0;
			defaultConfigurationName = Release;
		};
		6BEF106F2A98DC40001FE0EF /* Build configuration list for PBXNativeTarget "test" */ = {
			isa = XCConfigurationList;
			buildConfigurations = (
				6BEF10702A98DC40001FE0EF /* Debug */,
				6BEF10712A98DC40001FE0EF /* Release */,
			);
			defaultConfigurationIsVisible = 0;
			defaultConfigurationName = Release;
		};
		6BEF10722A98DC40001FE0EF /* Build configuration list for PBXNativeTarget "testTests" */ = {
			isa = XCConfigurationList;
			buildConfigurations = (
				6BEF10732A98DC40001FE0EF /* Debug */,
				6BEF10742A98DC40001FE0EF /* Release */,
			);
			defaultConfigurationIsVisible = 0;
			defaultConfigurationName = Release;
		};
		6BEF10752A98DC40001FE0EF /* Build configuration list for PBXNativeTarget "testUITests" */ = {
			isa = XCConfigurationList;
			buildConfigurations = (
				6BEF10762A98DC40001FE0EF /* Debug */,
				6BEF10772A98DC40001FE0EF /* Release */,
			);
			defaultConfigurationIsVisible = 0;
			defaultConfigurationName = Release;
		};
/* End XCConfigurationList section */
	};
	rootObject = 6BEF103D2A98DC3F001FE0EF /* Project object */;
}
